
Microsoft Visual Studio Solution File, Format Version 12.00
# Visual Studio Version 17
VisualStudioVersion = 17.6.33829.357
MinimumVisualStudioVersion = 10.0.40219.1
Project("{FAE04EC0-301F-11D3-BF4B-00C04F79EFBC}") = "Library.Dry", "Library.Dry\Library.Dry.csproj", "{DF000266-348D-4B2A-95AA-E9D524207C5D}"
EndProject
Global
	GlobalSection(SolutionConfigurationPlatforms) = preSolution
		Debug|Any CPU = Debug|Any CPU
		Release|Any CPU = Release|Any CPU
	EndGlobalSection
	GlobalSection(ProjectConfigurationPlatforms) = postSolution
		{DF000266-348D-4B2A-95AA-E9D524207C5D}.Debug|Any CPU.ActiveCfg = Debug|Any CPU
		{DF000266-348D-4B2A-95AA-E9D524207C5D}.Debug|Any CPU.Build.0 = Debug|Any CPU
		{DF000266-348D-4B2A-95AA-E9D524207C5D}.Release|Any CPU.ActiveCfg = Release|Any CPU
		{DF000266-348D-4B2A-95AA-E9D524207C5D}.Release|Any CPU.Build.0 = Release|Any CPU
	EndGlobalSection
	GlobalSection(SolutionProperties) = preSolution
		HideSolutionNode = FALSE
	EndGlobalSection
	GlobalSection(ExtensibilityGlobals) = postSolution
		SolutionGuid = {5B5EE0D7-6423-410B-A507-DC155AE5DA7F}
	EndGlobalSection
EndGlobal
